
Microsoft Visual Studio Solution File, Format Version 12.00
# Visual Studio Version 16
VisualStudioVersion = 16.0.30225.117
MinimumVisualStudioVersion = 10.0.40219.1
Project("{8BC9CEB8-8B4A-11D0-8D11-00A0C91BC942}") = "Sort Number", "Sort Number.vcxproj", "{DEE096CA-124F-49C7-90A1-A30A39949155}"
EndProject
Global
	GlobalSection(SolutionConfigurationPlatforms) = preSolution
		Debug|x64 = Debug|x64
		Debug|x86 = Debug|x86
		Release|x64 = Release|x64
		Release|x86 = Release|x86
	EndGlobalSection
	GlobalSection(ProjectConfigurationPlatforms) = postSolution
		{DEE096CA-124F-49C7-90A1-A30A39949155}.Debug|x64.ActiveCfg = Debug|x64
		{DEE096CA-124F-49C7-90A1-A30A39949155}.Debug|x64.Build.0 = Debug|x64
		{DEE096CA-124F-49C7-90A1-A30A39949155}.Debug|x86.ActiveCfg = Debug|Win32
		{DEE096CA-124F-49C7-90A1-A30A39949155}.Debug|x86.Build.0 = Debug|Win32
		{DEE096CA-124F-49C7-90A1-A30A39949155}.Release|x64.ActiveCfg = Release|x64
		{DEE096CA-124F-49C7-90A1-A30A39949155}.Release|x64.Build.0 = Release|x64
		{DEE096CA-124F-49C7-90A1-A30A39949155}.Release|x86.ActiveCfg = Release|Win32
		{DEE096CA-124F-49C7-90A1-A30A39949155}.Release|x86.Build.0 = Release|Win32
	EndGlobalSection
	GlobalSection(SolutionProperties) = preSolution
		HideSolutionNode = FALSE
	EndGlobalSection
	GlobalSection(ExtensibilityGlobals) = postSolution
		SolutionGuid = {85096461-1AD9-4E2C-AEA6-BF710BAF0690}
	EndGlobalSection
EndGlobal
